
Microsoft Visual Studio Solution File, Format Version 12.00
# Visual Studio Version 17
VisualStudioVersion = 17.14.37203.1
MinimumVisualStudioVersion = 10.0.40219.1
Project("{2150E333-8FDC-42A3-9474-1A3956D46DE8}") = "PaymentService", "PaymentService", "{03941380-5D52-462E-86AA-8CCD8A2A3D32}"
EndProject
Project("{2150E333-8FDC-42A3-9474-1A3956D46DE8}") = "BookingService", "BookingService", "{E9522098-DC0E-4090-B657-1E04ED883331}"
EndProject
Project("{2150E333-8FDC-42A3-9474-1A3956D46DE8}") = "Core", "Core", "{02EA681E-C7D8-13C7-8484-4AC65E1B71E8}"
EndProject
Project("{2150E333-8FDC-42A3-9474-1A3956D46DE8}") = "Domain", "Domain", "{1772469A-EF07-47BA-854C-32A9981EF416}"
EndProject
Project("{2150E333-8FDC-42A3-9474-1A3956D46DE8}") = "Application", "Application", "{F3853792-C2F1-47EA-BFF4-AFE2E5B79DF8}"
EndProject
Project("{2150E333-8FDC-42A3-9474-1A3956D46DE8}") = "Adapters", "Adapters", "{C8C2DB0B-627F-4A91-B6A5-A3794A243333}"
EndProject
Project("{2150E333-8FDC-42A3-9474-1A3956D46DE8}") = "Consumers", "Consumers", "{413D2AE9-678D-422A-AEF9-C0441978AEB9}"
EndProject
Project("{2150E333-8FDC-42A3-9474-1A3956D46DE8}") = "Tests", "Tests", "{669BC12F-9CDE-4505-93FC-AF3EA51CD046}"
EndProject
Project("{2150E333-8FDC-42A3-9474-1A3956D46DE8}") = "Domain", "Domain", "{21D17923-42E1-4E92-9A82-E4D5224F736A}"
EndProject
Project("{2150E333-8FDC-42A3-9474-1A3956D46DE8}") = "Application", "Application", "{B8E2EFE8-4D81-4B8D-9656-B6FBB826A904}"
EndProject
Project("{2150E333-8FDC-42A3-9474-1A3956D46DE8}") = "Addapters", "Addapters", "{F198739B-F21A-408C-BC04-89EFD17BF712}"
EndProject
Project("{FAE04EC0-301F-11D3-BF4B-00C04F79EFBC}") = "DomainTests", "BookingService\Tests\Domain\DomainTests\DomainTests.csproj", "{080EF4DD-BFCD-40F0-89C6-3B10D4AF5854}"
EndProject
Project("{FAE04EC0-301F-11D3-BF4B-00C04F79EFBC}") = "ApplicationTests", "BookingService\Tests\Application\ApplicationTests\ApplicationTests.csproj", "{B682B01A-8B7E-41CD-9066-1EA07BE3B6B0}"
EndProject
Project("{FAE04EC0-301F-11D3-BF4B-00C04F79EFBC}") = "AddaptersTests", "BookingService\Tests\Addapters\AddaptersTests\AddaptersTests.csproj", "{D2D7465D-E65A-4394-B440-F0B61D2E3D0C}"
EndProject
Project("{FAE04EC0-301F-11D3-BF4B-00C04F79EFBC}") = "API", "BookingService\Consumers\API\API.csproj", "{CAB5E144-88D4-44F1-BFBB-A7A7AED99C54}"
EndProject
Project("{FAE04EC0-301F-11D3-BF4B-00C04F79EFBC}") = "Data", "BookingService\Adapters\Data\Data.csproj", "{B15CBAFB-11CC-4A1F-B325-7ED21BDCAB0E}"
EndProject
Project("{FAE04EC0-301F-11D3-BF4B-00C04F79EFBC}") = "Application", "BookingService\Core\Application\Application.csproj", "{FD619B4E-E6DC-A2FB-E310-8B44D3B597D6}"
EndProject
Project("{FAE04EC0-301F-11D3-BF4B-00C04F79EFBC}") = "Domain", "BookingService\Core\Domain\Domain.csproj", "{BAF33E92-FFAC-E963-F35E-6060612782B7}"
EndProject
Project("{2150E333-8FDC-42A3-9474-1A3956D46DE8}") = "Itens de Solução", "Itens de Solução", "{380A7511-A354-6D7A-0CC0-8FA1F1BA7B6C}"
	ProjectSection(SolutionItems) = preProject
		.gitignore = .gitignore
		docker-compose.yml = docker-compose.yml
	EndProjectSection
EndProject
Global
	GlobalSection(SolutionConfigurationPlatforms) = preSolution
		Debug|Any CPU = Debug|Any CPU
		Release|Any CPU = Release|Any CPU
	EndGlobalSection
	GlobalSection(ProjectConfigurationPlatforms) = postSolution
		{080EF4DD-BFCD-40F0-89C6-3B10D4AF5854}.Debug|Any CPU.ActiveCfg = Debug|Any CPU
		{080EF4DD-BFCD-40F0-89C6-3B10D4AF5854}.Debug|Any CPU.Build.0 = Debug|Any CPU
		{080EF4DD-BFCD-40F0-89C6-3B10D4AF5854}.Release|Any CPU.ActiveCfg = Release|Any CPU
		{080EF4DD-BFCD-40F0-89C6-3B10D4AF5854}.Release|Any CPU.Build.0 = Release|Any CPU
		{B682B01A-8B7E-41CD-9066-1EA07BE3B6B0}.Debug|Any CPU.ActiveCfg = Debug|Any CPU
		{B682B01A-8B7E-41CD-9066-1EA07BE3B6B0}.Debug|Any CPU.Build.0 = Debug|Any CPU
		{B682B01A-8B7E-41CD-9066-1EA07BE3B6B0}.Release|Any CPU.ActiveCfg = Release|Any CPU
		{B682B01A-8B7E-41CD-9066-1EA07BE3B6B0}.Release|Any CPU.Build.0 = Release|Any CPU
		{D2D7465D-E65A-4394-B440-F0B61D2E3D0C}.Debug|Any CPU.ActiveCfg = Debug|Any CPU
		{D2D7465D-E65A-4394-B440-F0B61D2E3D0C}.Debug|Any CPU.Build.0 = Debug|Any CPU
		{D2D7465D-E65A-4394-B440-F0B61D2E3D0C}.Release|Any CPU.ActiveCfg = Release|Any CPU
		{D2D7465D-E65A-4394-B440-F0B61D2E3D0C}.Release|Any CPU.Build.0 = Release|Any CPU
		{CAB5E144-88D4-44F1-BFBB-A7A7AED99C54}.Debug|Any CPU.ActiveCfg = Debug|Any CPU
		{CAB5E144-88D4-44F1-BFBB-A7A7AED99C54}.Debug|Any CPU.Build.0 = Debug|Any CPU
		{CAB5E144-88D4-44F1-BFBB-A7A7AED99C54}.Release|Any CPU.ActiveCfg = Release|Any CPU
		{CAB5E144-88D4-44F1-BFBB-A7A7AED99C54}.Release|Any CPU.Build.0 = Release|Any CPU
		{B15CBAFB-11CC-4A1F-B325-7ED21BDCAB0E}.Debug|Any CPU.ActiveCfg = Debug|Any CPU
		{B15CBAFB-11CC-4A1F-B325-7ED21BDCAB0E}.Debug|Any CPU.Build.0 = Debug|Any CPU
		{B15CBAFB-11CC-4A1F-B325-7ED21BDCAB0E}.Release|Any CPU.ActiveCfg = Release|Any CPU
		{B15CBAFB-11CC-4A1F-B325-7ED21BDCAB0E}.Release|Any CPU.Build.0 = Release|Any CPU
		{FD619B4E-E6DC-A2FB-E310-8B44D3B597D6}.Debug|Any CPU.ActiveCfg = Debug|Any CPU
		{FD619B4E-E6DC-A2FB-E310-8B44D3B597D6}.Debug|Any CPU.Build.0 = Debug|Any CPU
		{FD619B4E-E6DC-A2FB-E310-8B44D3B597D6}.Release|Any CPU.ActiveCfg = Release|Any CPU
		{FD619B4E-E6DC-A2FB-E310-8B44D3B597D6}.Release|Any CPU.Build.0 = Release|Any CPU
		{BAF33E92-FFAC-E963-F35E-6060612782B7}.Debug|Any CPU.ActiveCfg = Debug|Any CPU
		{BAF33E92-FFAC-E963-F35E-6060612782B7}.Debug|Any CPU.Build.0 = Debug|Any CPU
		{BAF33E92-FFAC-E963-F35E-6060612782B7}.Release|Any CPU.ActiveCfg = Release|Any CPU
		{BAF33E92-FFAC-E963-F35E-6060612782B7}.Release|Any CPU.Build.0 = Release|Any CPU
	EndGlobalSection
	GlobalSection(SolutionProperties) = preSolution
		HideSolutionNode = FALSE
	EndGlobalSection
	GlobalSection(NestedProjects) = preSolution
		{02EA681E-C7D8-13C7-8484-4AC65E1B71E8} = {E9522098-DC0E-4090-B657-1E04ED883331}
		{1772469A-EF07-47BA-854C-32A9981EF416} = {02EA681E-C7D8-13C7-8484-4AC65E1B71E8}
		{F3853792-C2F1-47EA-BFF4-AFE2E5B79DF8} = {02EA681E-C7D8-13C7-8484-4AC65E1B71E8}
		{C8C2DB0B-627F-4A91-B6A5-A3794A243333} = {E9522098-DC0E-4090-B657-1E04ED883331}
		{413D2AE9-678D-422A-AEF9-C0441978AEB9} = {E9522098-DC0E-4090-B657-1E04ED883331}
		{669BC12F-9CDE-4505-93FC-AF3EA51CD046} = {E9522098-DC0E-4090-B657-1E04ED883331}
		{21D17923-42E1-4E92-9A82-E4D5224F736A} = {669BC12F-9CDE-4505-93FC-AF3EA51CD046}
		{B8E2EFE8-4D81-4B8D-9656-B6FBB826A904} = {669BC12F-9CDE-4505-93FC-AF3EA51CD046}
		{F198739B-F21A-408C-BC04-89EFD17BF712} = {669BC12F-9CDE-4505-93FC-AF3EA51CD046}
		{080EF4DD-BFCD-40F0-89C6-3B10D4AF5854} = {21D17923-42E1-4E92-9A82-E4D5224F736A}
		{B682B01A-8B7E-41CD-9066-1EA07BE3B6B0} = {B8E2EFE8-4D81-4B8D-9656-B6FBB826A904}
		{D2D7465D-E65A-4394-B440-F0B61D2E3D0C} = {F198739B-F21A-408C-BC04-89EFD17BF712}
		{CAB5E144-88D4-44F1-BFBB-A7A7AED99C54} = {413D2AE9-678D-422A-AEF9-C0441978AEB9}
		{B15CBAFB-11CC-4A1F-B325-7ED21BDCAB0E} = {C8C2DB0B-627F-4A91-B6A5-A3794A243333}
		{FD619B4E-E6DC-A2FB-E310-8B44D3B597D6} = {F3853792-C2F1-47EA-BFF4-AFE2E5B79DF8}
		{BAF33E92-FFAC-E963-F35E-6060612782B7} = {1772469A-EF07-47BA-854C-32A9981EF416}
	EndGlobalSection
	GlobalSection(ExtensibilityGlobals) = postSolution
		SolutionGuid = {1D4B1083-47CD-4151-B455-C757368C9762}
	EndGlobalSection
EndGlobal
